// !$*UTF8*$!
{
	archiveVersion = 1;
	classes = {
	};
	objectVersion = 77;
	objects = {

/* Begin PBXBuildFile section */
		026AE038C3CC7104C457F4BC /* KeychainHelper.swift in Sources */ = {isa = PBXBuildFile; fileRef = 03FB338E9DBEE2E791F55CB6 /* KeychainHelper.swift */; };
		16A1AD437ED20C62601BBBC8 /* InlineRewritePanelController.swift in Sources */ = {isa = PBXBuildFile; fileRef = F4186B001A370380D5EF520C /* InlineRewritePanelController.swift */; };
		170DAD722EF2B9AE0A74E034 /* TextoraAppDelegate.swift in Sources */ = {isa = PBXBuildFile; fileRef = 641D1A2A1ED1C3F6CC370219 /* TextoraAppDelegate.swift */; };
		176107AE988B1737C2C673C1 /* GrammarlyRewritePlanner.swift in Sources */ = {isa = PBXBuildFile; fileRef = 516E4F6FEEB97CFE93043069 /* GrammarlyRewritePlanner.swift */; };
		1BC6850DC9195C1BBBE7E7E4 /* TextAccessService.swift in Sources */ = {isa = PBXBuildFile; fileRef = 9A92B1B1A4B68C4794D7F706 /* TextAccessService.swift */; };
		261DA278842242F8F6CAFC24 /* SelectionAssistantSettings.swift in Sources */ = {isa = PBXBuildFile; fileRef = BF5736C41F76F220B2A64787 /* SelectionAssistantSettings.swift */; };
		2FE03D1B9748B4C23028CD66 /* SelectionAssistantViewModel.swift in Sources */ = {isa = PBXBuildFile; fileRef = 9793F10C2EE38A217E02A313 /* SelectionAssistantViewModel.swift */; };
		324FFF56680CC61A53601BB0 /* AIClient.swift in Sources */ = {isa = PBXBuildFile; fileRef = FDFA3B38183BC8A18BB52F2B /* AIClient.swift */; };
		3B61B4CC47354DFD3785A7B8 /* GrammarlyRewritePlannerTests.swift in Sources */ = {isa = PBXBuildFile; fileRef = 348E6C817C7C781E49A2C9A8 /* GrammarlyRewritePlannerTests.swift */; };
		3E96EA5EF2C443A1913099E7 /* DraggableFloatingPanel.swift in Sources */ = {isa = PBXBuildFile; fileRef = F46C7329329CAE8DEDC7379E /* DraggableFloatingPanel.swift */; };
		486DE7B0517C7538FBEE17E8 /* FloatingButtonView.swift in Sources */ = {isa = PBXBuildFile; fileRef = B2DC8AC988823AE36D048CC7 /* FloatingButtonView.swift */; };
		695BAC4B6A71A3E4F464661C /* AppCoordinator.swift in Sources */ = {isa = PBXBuildFile; fileRef = DD53487A6560FD81FE7DE9E1 /* AppCoordinator.swift */; };
		6B10DC809A0563BD2748674E /* AccessibilityWizardView.swift in Sources */ = {isa = PBXBuildFile; fileRef = 27E3069E20EC43A2400E2C1B /* AccessibilityWizardView.swift */; };
		7930D07C9F44DFD7933A96DB /* Assets.xcassets in Resources */ = {isa = PBXBuildFile; fileRef = 72CDDF25FD6A0084CE6C9149 /* Assets.xcassets */; };
		7DABCA309A6C1978537546FA /* GrammarlyRewritePlanner.swift in Sources */ = {isa = PBXBuildFile; fileRef = 516E4F6FEEB97CFE93043069 /* GrammarlyRewritePlanner.swift */; };
		82F55A9228CEA2D272E11F47 /* AppViewModel.swift in Sources */ = {isa = PBXBuildFile; fileRef = 0D12E30ABC5DF297BEBE656F /* AppViewModel.swift */; };
		90EFED5ED4A2F5D1365178DB /* SelectionToolbarView.swift in Sources */ = {isa = PBXBuildFile; fileRef = F04D0CA50B7FDCE31F262571 /* SelectionToolbarView.swift */; };
		9821610AB0F68301987A6BBD /* SelectionAssistantController.swift in Sources */ = {isa = PBXBuildFile; fileRef = 5BC2704F44FAB730B898089B /* SelectionAssistantController.swift */; };
		A315AADAD3FB2D3F434A2BC3 /* TextoraApp.swift in Sources */ = {isa = PBXBuildFile; fileRef = 4072587BAA8858F50B0BEF4D /* TextoraApp.swift */; };
		A8EAFF5A91AD75479D3AD02D /* InlineRewriteView.swift in Sources */ = {isa = PBXBuildFile; fileRef = 118D4E1534298FDDBD25D49B /* InlineRewriteView.swift */; };
		AA8B0863398E255BDCF66DDE /* FloatingHelperController.swift in Sources */ = {isa = PBXBuildFile; fileRef = E43A2D871EF7E4395D8B177B /* FloatingHelperController.swift */; };
		B034A1D8121367E6BFDC6FAA /* SecurityAndSettingsTests.swift in Sources */ = {isa = PBXBuildFile; fileRef = C7C86F8004EA584FC0993CCE /* SecurityAndSettingsTests.swift */; };
		C196E96AD4B703765CB5CA65 /* MarkerViews.swift in Sources */ = {isa = PBXBuildFile; fileRef = B7EF71A9570085EEB3690569 /* MarkerViews.swift */; };
		C2A6A78088D1B9765015F188 /* InlineRewriteViewModel.swift in Sources */ = {isa = PBXBuildFile; fileRef = 5E2401B55C33648192CDAB73 /* InlineRewriteViewModel.swift */; };
		E4A982EDDD503D59E3BA4E90 /* ContentView.swift in Sources */ = {isa = PBXBuildFile; fileRef = 416D4536F89F3B7892ECC7D6 /* ContentView.swift */; };
		F0B5D4AF1598B8AA952BAFB5 /* KeyboardInputSource.swift in Sources */ = {isa = PBXBuildFile; fileRef = 3F74B8A7F0C4CB0A0D05FBDC /* KeyboardInputSource.swift */; };
		F7131511098F7CCBD1A9A743 /* AppConsentPromptController.swift in Sources */ = {isa = PBXBuildFile; fileRef = B7E06223B72C034D28D7097A /* AppConsentPromptController.swift */; };
		F9EDDDA0B5B5FB8EA7DC2D7A /* helper-icon.png in Resources */ = {isa = PBXBuildFile; fileRef = 691BD7E2D55CD14AA7B983F8 /* helper-icon.png */; };
		FCADB3D2438B0EA37C9F0AC8 /* Models.swift in Sources */ = {isa = PBXBuildFile; fileRef = F8F80F4CABD08C9775382E58 /* Models.swift */; };
/* End PBXBuildFile section */

/* Begin PBXContainerItemProxy section */
		5F6D0479DD3CCD60F9F1C677 /* PBXContainerItemProxy */ = {
			isa = PBXContainerItemProxy;
			containerPortal = 1AB640D8E4D1299B35CEBF87 /* Project object */;
			proxyType = 1;
			remoteGlobalIDString = 7D7B2A80B85F61E0B28F613D;
			remoteInfo = Textora;
		};
/* End PBXContainerItemProxy section */

/* Begin PBXFileReference section */
		03FB338E9DBEE2E791F55CB6 /* KeychainHelper.swift */ = {isa = PBXFileReference; lastKnownFileType = sourcecode.swift; path = KeychainHelper.swift; sourceTree = "<group>"; };
		0D12E30ABC5DF297BEBE656F /* AppViewModel.swift */ = {isa = PBXFileReference; lastKnownFileType = sourcecode.swift; path = AppViewModel.swift; sourceTree = "<group>"; };
		118D4E1534298FDDBD25D49B /* InlineRewriteView.swift */ = {isa = PBXFileReference; lastKnownFileType = sourcecode.swift; path = InlineRewriteView.swift; sourceTree = "<group>"; };
		224A6BBADE1A3E03044D29EE /* Textora.app */ = {isa = PBXFileReference; explicitFileType = wrapper.application; includeInIndex = 0; path = Textora.app; sourceTree = BUILT_PRODUCTS_DIR; };
		27E3069E20EC43A2400E2C1B /* AccessibilityWizardView.swift */ = {isa = PBXFileReference; lastKnownFileType = sourcecode.swift; path = AccessibilityWizardView.swift; sourceTree = "<group>"; };
		348E6C817C7C781E49A2C9A8 /* GrammarlyRewritePlannerTests.swift */ = {isa = PBXFileReference; lastKnownFileType = sourcecode.swift; path = GrammarlyRewritePlannerTests.swift; sourceTree = "<group>"; };
		3F74B8A7F0C4CB0A0D05FBDC /* KeyboardInputSource.swift */ = {isa = PBXFileReference; lastKnownFileType = sourcecode.swift; path = KeyboardInputSource.swift; sourceTree = "<group>"; };
		4072587BAA8858F50B0BEF4D /* TextoraApp.swift */ = {isa = PBXFileReference; lastKnownFileType = sourcecode.swift; path = TextoraApp.swift; sourceTree = "<group>"; };
		416D4536F89F3B7892ECC7D6 /* ContentView.swift */ = {isa = PBXFileReference; lastKnownFileType = sourcecode.swift; path = ContentView.swift; sourceTree = "<group>"; };
		516E4F6FEEB97CFE93043069 /* GrammarlyRewritePlanner.swift */ = {isa = PBXFileReference; lastKnownFileType = sourcecode.swift; path = GrammarlyRewritePlanner.swift; sourceTree = "<group>"; };
		58521F6930CFB7E7B24BC752 /* TextoraTests.xctest */ = {isa = PBXFileReference; explicitFileType = wrapper.cfbundle; includeInIndex = 0; path = TextoraTests.xctest; sourceTree = BUILT_PRODUCTS_DIR; };
		5BC2704F44FAB730B898089B /* SelectionAssistantController.swift */ = {isa = PBXFileReference; lastKnownFileType = sourcecode.swift; path = SelectionAssistantController.swift; sourceTree = "<group>"; };
		5E2401B55C33648192CDAB73 /* InlineRewriteViewModel.swift */ = {isa = PBXFileReference; lastKnownFileType = sourcecode.swift; path = InlineRewriteViewModel.swift; sourceTree = "<group>"; };
		641D1A2A1ED1C3F6CC370219 /* TextoraAppDelegate.swift */ = {isa = PBXFileReference; lastKnownFileType = sourcecode.swift; path = TextoraAppDelegate.swift; sourceTree = "<group>"; };
		691BD7E2D55CD14AA7B983F8 /* helper-icon.png */ = {isa = PBXFileReference; lastKnownFileType = image.png; path = "helper-icon.png"; sourceTree = "<group>"; };
		6DA5DD593AA0FCD13D9EC2DB /* Textora.entitlements */ = {isa = PBXFileReference; lastKnownFileType = text.plist.entitlements; path = Textora.entitlements; sourceTree = "<group>"; };
		72CDDF25FD6A0084CE6C9149 /* Assets.xcassets */ = {isa = PBXFileReference; lastKnownFileType = folder.assetcatalog; path = Assets.xcassets; sourceTree = "<group>"; };
		9793F10C2EE38A217E02A313 /* SelectionAssistantViewModel.swift */ = {isa = PBXFileReference; lastKnownFileType = sourcecode.swift; path = SelectionAssistantViewModel.swift; sourceTree = "<group>"; };
		9A92B1B1A4B68C4794D7F706 /* TextAccessService.swift */ = {isa = PBXFileReference; lastKnownFileType = sourcecode.swift; path = TextAccessService.swift; sourceTree = "<group>"; };
		B2DC8AC988823AE36D048CC7 /* FloatingButtonView.swift */ = {isa = PBXFileReference; lastKnownFileType = sourcecode.swift; path = FloatingButtonView.swift; sourceTree = "<group>"; };
		B7E06223B72C034D28D7097A /* AppConsentPromptController.swift */ = {isa = PBXFileReference; lastKnownFileType = sourcecode.swift; path = AppConsentPromptController.swift; sourceTree = "<group>"; };
		B7EF71A9570085EEB3690569 /* MarkerViews.swift */ = {isa = PBXFileReference; lastKnownFileType = sourcecode.swift; path = MarkerViews.swift; sourceTree = "<group>"; };
		BF5736C41F76F220B2A64787 /* SelectionAssistantSettings.swift */ = {isa = PBXFileReference; lastKnownFileType = sourcecode.swift; path = SelectionAssistantSettings.swift; sourceTree = "<group>"; };
		C7C86F8004EA584FC0993CCE /* SecurityAndSettingsTests.swift */ = {isa = PBXFileReference; lastKnownFileType = sourcecode.swift; path = SecurityAndSettingsTests.swift; sourceTree = "<group>"; };
		DD53487A6560FD81FE7DE9E1 /* AppCoordinator.swift */ = {isa = PBXFileReference; lastKnownFileType = sourcecode.swift; path = AppCoordinator.swift; sourceTree = "<group>"; };
		E43A2D871EF7E4395D8B177B /* FloatingHelperController.swift */ = {isa = PBXFileReference; lastKnownFileType = sourcecode.swift; path = FloatingHelperController.swift; sourceTree = "<group>"; };
		F04D0CA50B7FDCE31F262571 /* SelectionToolbarView.swift */ = {isa = PBXFileReference; lastKnownFileType = sourcecode.swift; path = SelectionToolbarView.swift; sourceTree = "<group>"; };
		F4186B001A370380D5EF520C /* InlineRewritePanelController.swift */ = {isa = PBXFileReference; lastKnownFileType = sourcecode.swift; path = InlineRewritePanelController.swift; sourceTree = "<group>"; };
		F46C7329329CAE8DEDC7379E /* DraggableFloatingPanel.swift */ = {isa = PBXFileReference; lastKnownFileType = sourcecode.swift; path = DraggableFloatingPanel.swift; sourceTree = "<group>"; };
		F889CFF6CF88B62CE4585E1D /* Info.plist */ = {isa = PBXFileReference; lastKnownFileType = text.plist; path = Info.plist; sourceTree = "<group>"; };
		F8F80F4CABD08C9775382E58 /* Models.swift */ = {isa = PBXFileReference; lastKnownFileType = sourcecode.swift; path = Models.swift; sourceTree = "<group>"; };
		FDFA3B38183BC8A18BB52F2B /* AIClient.swift */ = {isa = PBXFileReference; lastKnownFileType = sourcecode.swift; path = AIClient.swift; sourceTree = "<group>"; };
/* End PBXFileReference section */

/* Begin PBXGroup section */
		5EC32467F6544FA5FC0B8C1D /* Resources */ = {
			isa = PBXGroup;
			children = (
				72CDDF25FD6A0084CE6C9149 /* Assets.xcassets */,
				691BD7E2D55CD14AA7B983F8 /* helper-icon.png */,
			);
			path = Resources;
			sourceTree = "<group>";
		};
		AB3DBD3B80C8E289B18E6D36 /* TextoraTests */ = {
			isa = PBXGroup;
			children = (
				348E6C817C7C781E49A2C9A8 /* GrammarlyRewritePlannerTests.swift */,
				C7C86F8004EA584FC0993CCE /* SecurityAndSettingsTests.swift */,
			);
			path = TextoraTests;
			sourceTree = "<group>";
		};
		C380DCB33F1C3218585E9CC8 /* Sources */ = {
			isa = PBXGroup;
			children = (
				27E3069E20EC43A2400E2C1B /* AccessibilityWizardView.swift */,
				FDFA3B38183BC8A18BB52F2B /* AIClient.swift */,
				B7E06223B72C034D28D7097A /* AppConsentPromptController.swift */,
				DD53487A6560FD81FE7DE9E1 /* AppCoordinator.swift */,
				0D12E30ABC5DF297BEBE656F /* AppViewModel.swift */,
				416D4536F89F3B7892ECC7D6 /* ContentView.swift */,
				F46C7329329CAE8DEDC7379E /* DraggableFloatingPanel.swift */,
				B2DC8AC988823AE36D048CC7 /* FloatingButtonView.swift */,
				E43A2D871EF7E4395D8B177B /* FloatingHelperController.swift */,
				516E4F6FEEB97CFE93043069 /* GrammarlyRewritePlanner.swift */,
				F889CFF6CF88B62CE4585E1D /* Info.plist */,
				F4186B001A370380D5EF520C /* InlineRewritePanelController.swift */,
				118D4E1534298FDDBD25D49B /* InlineRewriteView.swift */,
				5E2401B55C33648192CDAB73 /* InlineRewriteViewModel.swift */,
				3F74B8A7F0C4CB0A0D05FBDC /* KeyboardInputSource.swift */,
				03FB338E9DBEE2E791F55CB6 /* KeychainHelper.swift */,
				B7EF71A9570085EEB3690569 /* MarkerViews.swift */,
				F8F80F4CABD08C9775382E58 /* Models.swift */,
				9A92B1B1A4B68C4794D7F706 /* TextAccessService.swift */,
				6DA5DD593AA0FCD13D9EC2DB /* Textora.entitlements */,
				4072587BAA8858F50B0BEF4D /* TextoraApp.swift */,
				641D1A2A1ED1C3F6CC370219 /* TextoraAppDelegate.swift */,
				E0A775E7BD700A45D886DBA3 /* SelectionAssistant */,
			);
			path = Sources;
			sourceTree = "<group>";
		};
		E0A775E7BD700A45D886DBA3 /* SelectionAssistant */ = {
			isa = PBXGroup;
			children = (
				5BC2704F44FAB730B898089B /* SelectionAssistantController.swift */,
				BF5736C41F76F220B2A64787 /* SelectionAssistantSettings.swift */,
				9793F10C2EE38A217E02A313 /* SelectionAssistantViewModel.swift */,
				F04D0CA50B7FDCE31F262571 /* SelectionToolbarView.swift */,
			);
			path = SelectionAssistant;
			sourceTree = "<group>";
		};
		E54D2E17A9C3F08C1353B4FB /* Products */ = {
			isa = PBXGroup;
			children = (
				224A6BBADE1A3E03044D29EE /* Textora.app */,
				58521F6930CFB7E7B24BC752 /* TextoraTests.xctest */,
			);
			name = Products;
			sourceTree = "<group>";
		};
		F87EF749618C8AADA767F968 = {
			isa = PBXGroup;
			children = (
				5EC32467F6544FA5FC0B8C1D /* Resources */,
				C380DCB33F1C3218585E9CC8 /* Sources */,
				AB3DBD3B80C8E289B18E6D36 /* TextoraTests */,
				E54D2E17A9C3F08C1353B4FB /* Products */,
			);
			sourceTree = "<group>";
		};
/* End PBXGroup section */

/* Begin PBXNativeTarget section */
		7D7B2A80B85F61E0B28F613D /* Textora */ = {
			isa = PBXNativeTarget;
			buildConfigurationList = 61F07794257571EC08B61FA0 /* Build configuration list for PBXNativeTarget "Textora" */;
			buildPhases = (
				6DD3A32B9B828931E3D9E590 /* Sources */,
				53E2E39D7C41B819F55BFC4C /* Resources */,
			);
			buildRules = (
			);
			dependencies = (
			);
			name = Textora;
			packageProductDependencies = (
			);
			productName = Textora;
			productReference = 224A6BBADE1A3E03044D29EE /* Textora.app */;
			productType = "com.apple.product-type.application";
		};
		A868BD3092A0DA8F250CD10C /* TextoraTests */ = {
			isa = PBXNativeTarget;
			buildConfigurationList = 01528F739EA5DFD9119BB453 /* Build configuration list for PBXNativeTarget "TextoraTests" */;
			buildPhases = (
				4F93DB7F9B8A8CD88BFE8491 /* Sources */,
			);
			buildRules = (
			);
			dependencies = (
				1AD1D4C99D2AD40A74833715 /* PBXTargetDependency */,
			);
			name = TextoraTests;
			packageProductDependencies = (
			);
			productName = TextoraTests;
			productReference = 58521F6930CFB7E7B24BC752 /* TextoraTests.xctest */;
			productType = "com.apple.product-type.bundle.unit-test";
		};
/* End PBXNativeTarget section */

/* Begin PBXProject section */
		1AB640D8E4D1299B35CEBF87 /* Project object */ = {
			isa = PBXProject;
			attributes = {
				BuildIndependentTargetsInParallel = YES;
				LastUpgradeCheck = 1430;
				TargetAttributes = {
					7D7B2A80B85F61E0B28F613D = {
						DevelopmentTeam = 35Q2T38T7Q;
						ProvisioningStyle = Automatic;
					};
				};
			};
			buildConfigurationList = DBAFC8A3F7CAEB860F109480 /* Build configuration list for PBXProject "Textora" */;
			developmentRegion = en;
			hasScannedForEncodings = 0;
			knownRegions = (
				Base,
				en,
			);
			mainGroup = F87EF749618C8AADA767F968;
			minimizedProjectReferenceProxies = 1;
			preferredProjectObjectVersion = 77;
			productRefGroup = E54D2E17A9C3F08C1353B4FB /* Products */;
			projectDirPath = "";
			projectRoot = "";
			targets = (
				7D7B2A80B85F61E0B28F613D /* Textora */,
				A868BD3092A0DA8F250CD10C /* TextoraTests */,
			);
		};
/* End PBXProject section */

/* Begin PBXResourcesBuildPhase section */
		53E2E39D7C41B819F55BFC4C /* Resources */ = {
			isa = PBXResourcesBuildPhase;
			buildActionMask = 2147483647;
			files = (
				7930D07C9F44DFD7933A96DB /* Assets.xcassets in Resources */,
				F9EDDDA0B5B5FB8EA7DC2D7A /* helper-icon.png in Resources */,
			);
			runOnlyForDeploymentPostprocessing = 0;
		};
/* End PBXResourcesBuildPhase section */

/* Begin PBXSourcesBuildPhase section */
		4F93DB7F9B8A8CD88BFE8491 /* Sources */ = {
			isa = PBXSourcesBuildPhase;
			buildActionMask = 2147483647;
			files = (
				176107AE988B1737C2C673C1 /* GrammarlyRewritePlanner.swift in Sources */,
				3B61B4CC47354DFD3785A7B8 /* GrammarlyRewritePlannerTests.swift in Sources */,
				B034A1D8121367E6BFDC6FAA /* SecurityAndSettingsTests.swift in Sources */,
			);
			runOnlyForDeploymentPostprocessing = 0;
		};
		6DD3A32B9B828931E3D9E590 /* Sources */ = {
			isa = PBXSourcesBuildPhase;
			buildActionMask = 2147483647;
			files = (
				324FFF56680CC61A53601BB0 /* AIClient.swift in Sources */,
				6B10DC809A0563BD2748674E /* AccessibilityWizardView.swift in Sources */,
				F7131511098F7CCBD1A9A743 /* AppConsentPromptController.swift in Sources */,
				695BAC4B6A71A3E4F464661C /* AppCoordinator.swift in Sources */,
				82F55A9228CEA2D272E11F47 /* AppViewModel.swift in Sources */,
				E4A982EDDD503D59E3BA4E90 /* ContentView.swift in Sources */,
				3E96EA5EF2C443A1913099E7 /* DraggableFloatingPanel.swift in Sources */,
				486DE7B0517C7538FBEE17E8 /* FloatingButtonView.swift in Sources */,
				AA8B0863398E255BDCF66DDE /* FloatingHelperController.swift in Sources */,
				7DABCA309A6C1978537546FA /* GrammarlyRewritePlanner.swift in Sources */,
				16A1AD437ED20C62601BBBC8 /* InlineRewritePanelController.swift in Sources */,
				A8EAFF5A91AD75479D3AD02D /* InlineRewriteView.swift in Sources */,
				C2A6A78088D1B9765015F188 /* InlineRewriteViewModel.swift in Sources */,
				F0B5D4AF1598B8AA952BAFB5 /* KeyboardInputSource.swift in Sources */,
				026AE038C3CC7104C457F4BC /* KeychainHelper.swift in Sources */,
				C196E96AD4B703765CB5CA65 /* MarkerViews.swift in Sources */,
				FCADB3D2438B0EA37C9F0AC8 /* Models.swift in Sources */,
				9821610AB0F68301987A6BBD /* SelectionAssistantController.swift in Sources */,
				261DA278842242F8F6CAFC24 /* SelectionAssistantSettings.swift in Sources */,
				2FE03D1B9748B4C23028CD66 /* SelectionAssistantViewModel.swift in Sources */,
				90EFED5ED4A2F5D1365178DB /* SelectionToolbarView.swift in Sources */,
				1BC6850DC9195C1BBBE7E7E4 /* TextAccessService.swift in Sources */,
				A315AADAD3FB2D3F434A2BC3 /* TextoraApp.swift in Sources */,
				170DAD722EF2B9AE0A74E034 /* TextoraAppDelegate.swift in Sources */,
			);
			runOnlyForDeploymentPostprocessing = 0;
		};
/* End PBXSourcesBuildPhase section */

/* Begin PBXTargetDependency section */
		1AD1D4C99D2AD40A74833715 /* PBXTargetDependency */ = {
			isa = PBXTargetDependency;
			target = 7D7B2A80B85F61E0B28F613D /* Textora */;
			targetProxy = 5F6D0479DD3CCD60F9F1C677 /* PBXContainerItemProxy */;
		};
/* End PBXTargetDependency section */

/* Begin XCBuildConfiguration section */
		35FBEFE8D4703C239D6EF787 /* Debug */ = {
			isa = XCBuildConfiguration;
			buildSettings = {
				ASSETCATALOG_COMPILER_APPICON_NAME = AppIcon;
				CODE_SIGN_ENTITLEMENTS = Sources/Textora.entitlements;
				CODE_SIGN_STYLE = Automatic;
				COMBINE_HIDPI_IMAGES = YES;
				DEVELOPMENT_TEAM = 35Q2T38T7Q;
				INFOPLIST_FILE = Sources/Info.plist;
				LD_RUNPATH_SEARCH_PATHS = (
					"$(inherited)",
					"@executable_path/../Frameworks",
				);
				PRODUCT_BUNDLE_IDENTIFIER = com.textora.app;
				SDKROOT = macosx;
			};
			name = Debug;
		};
		4D058BABB2197DAC6E98EF3C /* Debug */ = {
			isa = XCBuildConfiguration;
			buildSettings = {
				BUNDLE_LOADER = "$(TEST_HOST)";
				COMBINE_HIDPI_IMAGES = YES;
				GENERATE_INFOPLIST_FILE = YES;
				LD_RUNPATH_SEARCH_PATHS = (
					"$(inherited)",
					"@executable_path/../Frameworks",
					"@loader_path/../Frameworks",
				);
				PRODUCT_BUNDLE_IDENTIFIER = com.textora.tests;
				SDKROOT = macosx;
				TEST_HOST = "$(BUILT_PRODUCTS_DIR)/Textora.app/Contents/MacOS/Textora";
			};
			name = Debug;
		};
		73C6AA1559FA0AA4E0289E00 /* Release */ = {
			isa = XCBuildConfiguration;
			buildSettings = {
				ALWAYS_SEARCH_USER_PATHS = NO;
				CLANG_ANALYZER_NONNULL = YES;
				CLANG_ANALYZER_NUMBER_OBJECT_CONVERSION = YES_AGGRESSIVE;
				CLANG_CXX_LANGUAGE_STANDARD = "gnu++14";
				CLANG_CXX_LIBRARY = "libc++";
				CLANG_ENABLE_MODULES = YES;
				CLANG_ENABLE_OBJC_ARC = YES;
				CLANG_ENABLE_OBJC_WEAK = YES;
				CLANG_WARN_BLOCK_CAPTURE_AUTORELEASING = YES;
				CLANG_WARN_BOOL_CONVERSION = YES;
				CLANG_WARN_COMMA = YES;
				CLANG_WARN_CONSTANT_CONVERSION = YES;
				CLANG_WARN_DEPRECATED_OBJC_IMPLEMENTATIONS = YES;
				CLANG_WARN_DIRECT_OBJC_ISA_USAGE = YES_ERROR;
				CLANG_WARN_DOCUMENTATION_COMMENTS = YES;
				CLANG_WARN_EMPTY_BODY = YES;
				CLANG_WARN_ENUM_CONVERSION = YES;
				CLANG_WARN_INFINITE_RECURSION = YES;
				CLANG_WARN_INT_CONVERSION = YES;
				CLANG_WARN_NON_LITERAL_NULL_CONVERSION = YES;
				CLANG_WARN_OBJC_IMPLICIT_RETAIN_SELF = YES;
				CLANG_WARN_OBJC_LITERAL_CONVERSION = YES;
				CLANG_WARN_OBJC_ROOT_CLASS = YES_ERROR;
				CLANG_WARN_QUOTED_INCLUDE_IN_FRAMEWORK_HEADER = YES;
				CLANG_WARN_RANGE_LOOP_ANALYSIS = YES;
				CLANG_WARN_STRICT_PROTOTYPES = YES;
				CLANG_WARN_SUSPICIOUS_MOVE = YES;
				CLANG_WARN_UNGUARDED_AVAILABILITY = YES_AGGRESSIVE;
				CLANG_WARN_UNREACHABLE_CODE = YES;
				CLANG_WARN__DUPLICATE_METHOD_MATCH = YES;
				COPY_PHASE_STRIP = NO;
				DEBUG_INFORMATION_FORMAT = "dwarf-with-dsym";
				ENABLE_NS_ASSERTIONS = NO;
				ENABLE_STRICT_OBJC_MSGSEND = YES;
				GCC_C_LANGUAGE_STANDARD = gnu11;
				GCC_NO_COMMON_BLOCKS = YES;
				GCC_WARN_64_TO_32_BIT_CONVERSION = YES;
				GCC_WARN_ABOUT_RETURN_TYPE = YES_ERROR;
				GCC_WARN_UNDECLARED_SELECTOR = YES;
				GCC_WARN_UNINITIALIZED_AUTOS = YES_AGGRESSIVE;
				GCC_WARN_UNUSED_FUNCTION = YES;
				GCC_WARN_UNUSED_VARIABLE = YES;
				MACOSX_DEPLOYMENT_TARGET = 14.0;
				MTL_ENABLE_DEBUG_INFO = NO;
				MTL_FAST_MATH = YES;
				PRODUCT_BUNDLE_IDENTIFIER = com.textora.app;
				PRODUCT_NAME = "$(TARGET_NAME)";
				SDKROOT = macosx;
				SWIFT_COMPILATION_MODE = wholemodule;
				SWIFT_OPTIMIZATION_LEVEL = "-O";
				SWIFT_VERSION = 5.0;
			};
			name = Release;
		};
		A421157E677ABA74BA4D9E95 /* Release */ = {
			isa = XCBuildConfiguration;
			buildSettings = {
				ASSETCATALOG_COMPILER_APPICON_NAME = AppIcon;
				CODE_SIGN_ENTITLEMENTS = Sources/Textora.entitlements;
				CODE_SIGN_STYLE = Automatic;
				COMBINE_HIDPI_IMAGES = YES;
				DEVELOPMENT_TEAM = 35Q2T38T7Q;
				ENABLE_APP_SANDBOX = NO;
				ENABLE_HARDENED_RUNTIME = YES;
				ENABLE_OUTGOING_NETWORK_CONNECTIONS = NO;
				ENABLE_USER_SELECTED_FILES = NO;
				INFOPLIST_FILE = Sources/Info.plist;
				LD_RUNPATH_SEARCH_PATHS = (
					"$(inherited)",
					"@executable_path/../Frameworks",
				);
				PRODUCT_BUNDLE_IDENTIFIER = com.textora.app;
				SDKROOT = macosx;
			};
			name = Release;
		};
		C86B05F10CD7CC55E9E21525 /* Debug */ = {
			isa = XCBuildConfiguration;
			buildSettings = {
				ALWAYS_SEARCH_USER_PATHS = NO;
				CLANG_ANALYZER_NONNULL = YES;
				CLANG_ANALYZER_NUMBER_OBJECT_CONVERSION = YES_AGGRESSIVE;
				CLANG_CXX_LANGUAGE_STANDARD = "gnu++14";
				CLANG_CXX_LIBRARY = "libc++";
				CLANG_ENABLE_MODULES = YES;
				CLANG_ENABLE_OBJC_ARC = YES;
				CLANG_ENABLE_OBJC_WEAK = YES;
				CLANG_WARN_BLOCK_CAPTURE_AUTORELEASING = YES;
				CLANG_WARN_BOOL_CONVERSION = YES;
				CLANG_WARN_COMMA = YES;
				CLANG_WARN_CONSTANT_CONVERSION = YES;
				CLANG_WARN_DEPRECATED_OBJC_IMPLEMENTATIONS = YES;
				CLANG_WARN_DIRECT_OBJC_ISA_USAGE = YES_ERROR;
				CLANG_WARN_DOCUMENTATION_COMMENTS = YES;
				CLANG_WARN_EMPTY_BODY = YES;
				CLANG_WARN_ENUM_CONVERSION = YES;
				CLANG_WARN_INFINITE_RECURSION = YES;
				CLANG_WARN_INT_CONVERSION = YES;
				CLANG_WARN_NON_LITERAL_NULL_CONVERSION = YES;
				CLANG_WARN_OBJC_IMPLICIT_RETAIN_SELF = YES;
				CLANG_WARN_OBJC_LITERAL_CONVERSION = YES;
				CLANG_WARN_OBJC_ROOT_CLASS = YES_ERROR;
				CLANG_WARN_QUOTED_INCLUDE_IN_FRAMEWORK_HEADER = YES;
				CLANG_WARN_RANGE_LOOP_ANALYSIS = YES;
				CLANG_WARN_STRICT_PROTOTYPES = YES;
				CLANG_WARN_SUSPICIOUS_MOVE = YES;
				CLANG_WARN_UNGUARDED_AVAILABILITY = YES_AGGRESSIVE;
				CLANG_WARN_UNREACHABLE_CODE = YES;
				CLANG_WARN__DUPLICATE_METHOD_MATCH = YES;
				COPY_PHASE_STRIP = NO;
				DEBUG_INFORMATION_FORMAT = dwarf;
				ENABLE_STRICT_OBJC_MSGSEND = YES;
				ENABLE_TESTABILITY = YES;
				GCC_C_LANGUAGE_STANDARD = gnu11;
				GCC_DYNAMIC_NO_PIC = NO;
				GCC_NO_COMMON_BLOCKS = YES;
				GCC_OPTIMIZATION_LEVEL = 0;
				GCC_PREPROCESSOR_DEFINITIONS = (
					"$(inherited)",
					"DEBUG=1",
				);
				GCC_WARN_64_TO_32_BIT_CONVERSION = YES;
				GCC_WARN_ABOUT_RETURN_TYPE = YES_ERROR;
				GCC_WARN_UNDECLARED_SELECTOR = YES;
				GCC_WARN_UNINITIALIZED_AUTOS = YES_AGGRESSIVE;
				GCC_WARN_UNUSED_FUNCTION = YES;
				GCC_WARN_UNUSED_VARIABLE = YES;
				MACOSX_DEPLOYMENT_TARGET = 14.0;
				MTL_ENABLE_DEBUG_INFO = INCLUDE_SOURCE;
				MTL_FAST_MATH = YES;
				ONLY_ACTIVE_ARCH = YES;
				PRODUCT_BUNDLE_IDENTIFIER = com.textora.app;
				PRODUCT_NAME = "$(TARGET_NAME)";
				SDKROOT = macosx;
				SWIFT_ACTIVE_COMPILATION_CONDITIONS = DEBUG;
				SWIFT_OPTIMIZATION_LEVEL = "-Onone";
				SWIFT_VERSION = 5.0;
			};
			name = Debug;
		};
		FEB061455263ED9CABF93C49 /* Release */ = {
			isa = XCBuildConfiguration;
			buildSettings = {
				BUNDLE_LOADER = "$(TEST_HOST)";
				COMBINE_HIDPI_IMAGES = YES;
				GENERATE_INFOPLIST_FILE = YES;
				LD_RUNPATH_SEARCH_PATHS = (
					"$(inherited)",
					"@executable_path/../Frameworks",
					"@loader_path/../Frameworks",
				);
				PRODUCT_BUNDLE_IDENTIFIER = com.textora.tests;
				SDKROOT = macosx;
				TEST_HOST = "$(BUILT_PRODUCTS_DIR)/Textora.app/Contents/MacOS/Textora";
			};
			name = Release;
		};
/* End XCBuildConfiguration section */

/* Begin XCConfigurationList section */
		01528F739EA5DFD9119BB453 /* Build configuration list for PBXNativeTarget "TextoraTests" */ = {
			isa = XCConfigurationList;
			buildConfigurations = (
				4D058BABB2197DAC6E98EF3C /* Debug */,
				FEB061455263ED9CABF93C49 /* Release */,
			);
			defaultConfigurationIsVisible = 0;
			defaultConfigurationName = Debug;
		};
		61F07794257571EC08B61FA0 /* Build configuration list for PBXNativeTarget "Textora" */ = {
			isa = XCConfigurationList;
			buildConfigurations = (
				35FBEFE8D4703C239D6EF787 /* Debug */,
				A421157E677ABA74BA4D9E95 /* Release */,
			);
			defaultConfigurationIsVisible = 0;
			defaultConfigurationName = Debug;
		};
		DBAFC8A3F7CAEB860F109480 /* Build configuration list for PBXProject "Textora" */ = {
			isa = XCConfigurationList;
			buildConfigurations = (
				C86B05F10CD7CC55E9E21525 /* Debug */,
				73C6AA1559FA0AA4E0289E00 /* Release */,
			);
			defaultConfigurationIsVisible = 0;
			defaultConfigurationName = Debug;
		};
/* End XCConfigurationList section */
	};
	rootObject = 1AB640D8E4D1299B35CEBF87 /* Project object */;
}
